
Microsoft Visual Studio Solution File, Format Version 12.00
# Visual Studio Version 17
VisualStudioVersion = 17.3.32901.215
MinimumVisualStudioVersion = 10.0.40219.1
Project("{FAE04EC0-301F-11D3-BF4B-00C04F79EFBC}") = "MyClassLibrary", "MyClassLibrary\MyClassLibrary.csproj", "{A403B1B7-6FFD-4A94-B581-B77AE6416E8C}"
EndProject
Global
	GlobalSection(SolutionConfigurationPlatforms) = preSolution
		Debug|Any CPU = Debug|Any CPU
		Release|Any CPU = Release|Any CPU
	EndGlobalSection
	GlobalSection(ProjectConfigurationPlatforms) = postSolution
		{A403B1B7-6FFD-4A94-B581-B77AE6416E8C}.Debug|Any CPU.ActiveCfg = Debug|Any CPU
		{A403B1B7-6FFD-4A94-B581-B77AE6416E8C}.Debug|Any CPU.Build.0 = Debug|Any CPU
		{A403B1B7-6FFD-4A94-B581-B77AE6416E8C}.Release|Any CPU.ActiveCfg = Release|Any CPU
		{A403B1B7-6FFD-4A94-B581-B77AE6416E8C}.Release|Any CPU.Build.0 = Release|Any CPU
	EndGlobalSection
	GlobalSection(SolutionProperties) = preSolution
		HideSolutionNode = FALSE
	EndGlobalSection
	GlobalSection(ExtensibilityGlobals) = postSolution
		SolutionGuid = {4C915A57-8CC7-4D41-B990-F0F2C582B293}
	EndGlobalSection
EndGlobal
